// !$*UTF8*$!
{
	archiveVersion = 1;
	classes = {
	};
	objectVersion = 46;
	objects = {

/* Begin PBXBuildFile section */
		294D24E114F9220A0023B812 /* UIKit.framework in Frameworks */ = {isa = PBXBuildFile; fileRef = 294D24E014F9220A0023B812 /* UIKit.framework */; };
		294D24E314F9220A0023B812 /* Foundation.framework in Frameworks */ = {isa = PBXBuildFile; fileRef = 294D24E214F9220A0023B812 /* Foundation.framework */; };
		294D24E514F9220A0023B812 /* CoreGraphics.framework in Frameworks */ = {isa = PBXBuildFile; fileRef = 294D24E414F9220A0023B812 /* CoreGraphics.framework */; };
		294D24EB14F9220A0023B812 /* InfoPlist.strings in Resources */ = {isa = PBXBuildFile; fileRef = 294D24E914F9220A0023B812 /* InfoPlist.strings */; };
		294D24ED14F9220A0023B812 /* main.m in Sources */ = {isa = PBXBuildFile; fileRef = 294D24EC14F9220A0023B812 /* main.m */; };
		294D24F114F9220A0023B812 /* AppDelegate.m in Sources */ = {isa = PBXBuildFile; fileRef = 294D24F014F9220A0023B812 /* AppDelegate.m */; };
		294D24F414F9220A0023B812 /* MainStoryboard_iPhone.storyboard in Resources */ = {isa = PBXBuildFile; fileRef = 294D24F214F9220A0023B812 /* MainStoryboard_iPhone.storyboard */; };
		294D24F714F9220A0023B812 /* MainStoryboard_iPad.storyboard in Resources */ = {isa = PBXBuildFile; fileRef = 294D24F514F9220A0023B812 /* MainStoryboard_iPad.storyboard */; };
		294D24FA14F9220A0023B812 /* ViewController.m in Sources */ = {isa = PBXBuildFile; fileRef = 294D24F914F9220A0023B812 /* ViewController.m */; };
		294D250214F9220A0023B812 /* SenTestingKit.framework in Frameworks */ = {isa = PBXBuildFile; fileRef = 294D250114F9220A0023B812 /* SenTestingKit.framework */; };
		294D250314F9220A0023B812 /* UIKit.framework in Frameworks */ = {isa = PBXBuildFile; fileRef = 294D24E014F9220A0023B812 /* UIKit.framework */; };
		294D250414F9220A0023B812 /* Foundation.framework in Frameworks */ = {isa = PBXBuildFile; fileRef = 294D24E214F9220A0023B812 /* Foundation.framework */; };
		294D250C14F9220A0023B812 /* InfoPlist.strings in Resources */ = {isa = PBXBuildFile; fileRef = 294D250A14F9220A0023B812 /* InfoPlist.strings */; };
		294D250F14F9220A0023B812 /* CalculatriceTests.m in Sources */ = {isa = PBXBuildFile; fileRef = 294D250E14F9220A0023B812 /* CalculatriceTests.m */; };
		294D251914F9227D0023B812 /* calculatoricon.png in Resources */ = {isa = PBXBuildFile; fileRef = 294D251814F9227D0023B812 /* calculatoricon.png */; };
		294D251B14F927850023B812 /* carbon-wallpaper-9.png in Resources */ = {isa = PBXBuildFile; fileRef = 294D251A14F927850023B812 /* carbon-wallpaper-9.png */; };
		294D251D14F946350023B812 /* Default@2x.png in Resources */ = {isa = PBXBuildFile; fileRef = 294D251C14F946350023B812 /* Default@2x.png */; };
/* End PBXBuildFile section */

/* Begin PBXContainerItemProxy section */
		294D250514F9220A0023B812 /* PBXContainerItemProxy */ = {
			isa = PBXContainerItemProxy;
			containerPortal = 294D24D314F922090023B812 /* Project object */;
			proxyType = 1;
			remoteGlobalIDString = 294D24DB14F9220A0023B812;
			remoteInfo = Calculatrice;
		};
/* End PBXContainerItemProxy section */

/* Begin PBXFileReference section */
		294D24DC14F9220A0023B812 /* Calculatrice.app */ = {isa = PBXFileReference; explicitFileType = wrapper.application; includeInIndex = 0; path = Calculatrice.app; sourceTree = BUILT_PRODUCTS_DIR; };
		294D24E014F9220A0023B812 /* UIKit.framework */ = {isa = PBXFileReference; lastKnownFileType = wrapper.framework; name = UIKit.framework; path = System/Library/Frameworks/UIKit.framework; sourceTree = SDKROOT; };
		294D24E214F9220A0023B812 /* Foundation.framework */ = {isa = PBXFileReference; lastKnownFileType = wrapper.framework; name = Foundation.framework; path = System/Library/Frameworks/Foundation.framework; sourceTree = SDKROOT; };
		294D24E414F9220A0023B812 /* CoreGraphics.framework */ = {isa = PBXFileReference; lastKnownFileType = wrapper.framework; name = CoreGraphics.framework; path = System/Library/Frameworks/CoreGraphics.framework; sourceTree = SDKROOT; };
		294D24E814F9220A0023B812 /* Calculatrice-Info.plist */ = {isa = PBXFileReference; lastKnownFileType = text.plist.xml; path = "Calculatrice-Info.plist"; sourceTree = "<group>"; };
		294D24EA14F9220A0023B812 /* en */ = {isa = PBXFileReference; lastKnownFileType = text.plist.strings; name = en; path = en.lproj/InfoPlist.strings; sourceTree = "<group>"; };
		294D24EC14F9220A0023B812 /* main.m */ = {isa = PBXFileReference; lastKnownFileType = sourcecode.c.objc; path = main.m; sourceTree = "<group>"; };
		294D24EE14F9220A0023B812 /* Calculatrice-Prefix.pch */ = {isa = PBXFileReference; lastKnownFileType = sourcecode.c.h; path = "Calculatrice-Prefix.pch"; sourceTree = "<group>"; };
		294D24EF14F9220A0023B812 /* AppDelegate.h */ = {isa = PBXFileReference; lastKnownFileType = sourcecode.c.h; path = AppDelegate.h; sourceTree = "<group>"; };
		294D24F014F9220A0023B812 /* AppDelegate.m */ = {isa = PBXFileReference; lastKnownFileType = sourcecode.c.objc; path = AppDelegate.m; sourceTree = "<group>"; };
		294D24F314F9220A0023B812 /* en */ = {isa = PBXFileReference; lastKnownFileType = file.storyboard; name = en; path = en.lproj/MainStoryboard_iPhone.storyboard; sourceTree = "<group>"; };
		294D24F614F9220A0023B812 /* en */ = {isa = PBXFileReference; lastKnownFileType = file.storyboard; name = en; path = en.lproj/MainStoryboard_iPad.storyboard; sourceTree = "<group>"; };
		294D24F814F9220A0023B812 /* ViewController.h */ = {isa = PBXFileReference; lastKnownFileType = sourcecode.c.h; path = ViewController.h; sourceTree = "<group>"; };
		294D24F914F9220A0023B812 /* ViewController.m */ = {isa = PBXFileReference; lastKnownFileType = sourcecode.c.objc; path = ViewController.m; sourceTree = "<group>"; };
		294D250014F9220A0023B812 /* CalculatriceTests.octest */ = {isa = PBXFileReference; explicitFileType = wrapper.cfbundle; includeInIndex = 0; path = CalculatriceTests.octest; sourceTree = BUILT_PRODUCTS_DIR; };
		294D250114F9220A0023B812 /* SenTestingKit.framework */ = {isa = PBXFileReference; lastKnownFileType = wrapper.framework; name = SenTestingKit.framework; path = Library/Frameworks/SenTestingKit.framework; sourceTree = DEVELOPER_DIR; };
		294D250914F9220A0023B812 /* CalculatriceTests-Info.plist */ = {isa = PBXFileReference; lastKnownFileType = text.plist.xml; path = "CalculatriceTests-Info.plist"; sourceTree = "<group>"; };
		294D250B14F9220A0023B812 /* en */ = {isa = PBXFileReference; lastKnownFileType = text.plist.strings; name = en; path = en.lproj/InfoPlist.strings; sourceTree = "<group>"; };
		294D250D14F9220A0023B812 /* CalculatriceTests.h */ = {isa = PBXFileReference; lastKnownFileType = sourcecode.c.h; path = CalculatriceTests.h; sourceTree = "<group>"; };
		294D250E14F9220A0023B812 /* CalculatriceTests.m */ = {isa = PBXFileReference; lastKnownFileType = sourcecode.c.objc; path = CalculatriceTests.m; sourceTree = "<group>"; };
		294D251814F9227D0023B812 /* calculatoricon.png */ = {isa = PBXFileReference; lastKnownFileType = image.png; path = calculatoricon.png; sourceTree = "<group>"; };
		294D251A14F927850023B812 /* carbon-wallpaper-9.png */ = {isa = PBXFileReference; lastKnownFileType = image.png; name = "carbon-wallpaper-9.png"; path = "../../Rapport et Soutenance/images/carbon-wallpaper-9.png"; sourceTree = "<group>"; };
		294D251C14F946350023B812 /* Default@2x.png */ = {isa = PBXFileReference; lastKnownFileType = image.png; path = "Default@2x.png"; sourceTree = "<group>"; };
/* End PBXFileReference section */

/* Begin PBXFrameworksBuildPhase section */
		294D24D914F9220A0023B812 /* Frameworks */ = {
			isa = PBXFrameworksBuildPhase;
			buildActionMask = 2147483647;
			files = (
				294D24E114F9220A0023B812 /* UIKit.framework in Frameworks */,
				294D24E314F9220A0023B812 /* Foundation.framework in Frameworks */,
				294D24E514F9220A0023B812 /* CoreGraphics.framework in Frameworks */,
			);
			runOnlyForDeploymentPostprocessing = 0;
		};
		294D24FC14F9220A0023B812 /* Frameworks */ = {
			isa = PBXFrameworksBuildPhase;
			buildActionMask = 2147483647;
			files = (
				294D250214F9220A0023B812 /* SenTestingKit.framework in Frameworks */,
				294D250314F9220A0023B812 /* UIKit.framework in Frameworks */,
				294D250414F9220A0023B812 /* Foundation.framework in Frameworks */,
			);
			runOnlyForDeploymentPostprocessing = 0;
		};
/* End PBXFrameworksBuildPhase section */

/* Begin PBXGroup section */
		294D24D114F922090023B812 = {
			isa = PBXGroup;
			children = (
				294D251C14F946350023B812 /* Default@2x.png */,
				294D251814F9227D0023B812 /* calculatoricon.png */,
				294D24E614F9220A0023B812 /* Calculatrice */,
				294D250714F9220A0023B812 /* CalculatriceTests */,
				294D24DF14F9220A0023B812 /* Frameworks */,
				294D24DD14F9220A0023B812 /* Products */,
			);
			sourceTree = "<group>";
		};
		294D24DD14F9220A0023B812 /* Products */ = {
			isa = PBXGroup;
			children = (
				294D24DC14F9220A0023B812 /* Calculatrice.app */,
				294D250014F9220A0023B812 /* CalculatriceTests.octest */,
			);
			name = Products;
			sourceTree = "<group>";
		};
		294D24DF14F9220A0023B812 /* Frameworks */ = {
			isa = PBXGroup;
			children = (
				294D24E014F9220A0023B812 /* UIKit.framework */,
				294D24E214F9220A0023B812 /* Foundation.framework */,
				294D24E414F9220A0023B812 /* CoreGraphics.framework */,
				294D250114F9220A0023B812 /* SenTestingKit.framework */,
			);
			name = Frameworks;
			sourceTree = "<group>";
		};
		294D24E614F9220A0023B812 /* Calculatrice */ = {
			isa = PBXGroup;
			children = (
				294D24EF14F9220A0023B812 /* AppDelegate.h */,
				294D24F014F9220A0023B812 /* AppDelegate.m */,
				294D24F214F9220A0023B812 /* MainStoryboard_iPhone.storyboard */,
				294D24F514F9220A0023B812 /* MainStoryboard_iPad.storyboard */,
				294D24F814F9220A0023B812 /* ViewController.h */,
				294D251A14F927850023B812 /* carbon-wallpaper-9.png */,
				294D24F914F9220A0023B812 /* ViewController.m */,
				294D24E714F9220A0023B812 /* Supporting Files */,
			);
			path = Calculatrice;
			sourceTree = "<group>";
		};
		294D24E714F9220A0023B812 /* Supporting Files */ = {
			isa = PBXGroup;
			children = (
				294D24E814F9220A0023B812 /* Calculatrice-Info.plist */,
				294D24E914F9220A0023B812 /* InfoPlist.strings */,
				294D24EC14F9220A0023B812 /* main.m */,
				294D24EE14F9220A0023B812 /* Calculatrice-Prefix.pch */,
			);
			name = "Supporting Files";
			sourceTree = "<group>";
		};
		294D250714F9220A0023B812 /* CalculatriceTests */ = {
			isa = PBXGroup;
			children = (
				294D250D14F9220A0023B812 /* CalculatriceTests.h */,
				294D250E14F9220A0023B812 /* CalculatriceTests.m */,
				294D250814F9220A0023B812 /* Supporting Files */,
			);
			path = CalculatriceTests;
			sourceTree = "<group>";
		};
		294D250814F9220A0023B812 /* Supporting Files */ = {
			isa = PBXGroup;
			children = (
				294D250914F9220A0023B812 /* CalculatriceTests-Info.plist */,
				294D250A14F9220A0023B812 /* InfoPlist.strings */,
			);
			name = "Supporting Files";
			sourceTree = "<group>";
		};
/* End PBXGroup section */

/* Begin PBXNativeTarget section */
		294D24DB14F9220A0023B812 /* Calculatrice */ = {
			isa = PBXNativeTarget;
			buildConfigurationList = 294D251214F9220A0023B812 /* Build configuration list for PBXNativeTarget "Calculatrice" */;
			buildPhases = (
				294D24D814F9220A0023B812 /* Sources */,
				294D24D914F9220A0023B812 /* Frameworks */,
				294D24DA14F9220A0023B812 /* Resources */,
			);
			buildRules = (
			);
			dependencies = (
			);
			name = Calculatrice;
			productName = Calculatrice;
			productReference = 294D24DC14F9220A0023B812 /* Calculatrice.app */;
			productType = "com.apple.product-type.application";
		};
		294D24FF14F9220A0023B812 /* CalculatriceTests */ = {
			isa = PBXNativeTarget;
			buildConfigurationList = 294D251514F9220A0023B812 /* Build configuration list for PBXNativeTarget "CalculatriceTests" */;
			buildPhases = (
				294D24FB14F9220A0023B812 /* Sources */,
				294D24FC14F9220A0023B812 /* Frameworks */,
				294D24FD14F9220A0023B812 /* Resources */,
				294D24FE14F9220A0023B812 /* ShellScript */,
			);
			buildRules = (
			);
			dependencies = (
				294D250614F9220A0023B812 /* PBXTargetDependency */,
			);
			name = CalculatriceTests;
			productName = CalculatriceTests;
			productReference = 294D250014F9220A0023B812 /* CalculatriceTests.octest */;
			productType = "com.apple.product-type.bundle";
		};
/* End PBXNativeTarget section */

/* Begin PBXProject section */
		294D24D314F922090023B812 /* Project object */ = {
			isa = PBXProject;
			attributes = {
				LastUpgradeCheck = 0420;
			};
			buildConfigurationList = 294D24D614F922090023B812 /* Build configuration list for PBXProject "Calculatrice" */;
			compatibilityVersion = "Xcode 3.2";
			developmentRegion = English;
			hasScannedForEncodings = 0;
			knownRegions = (
				en,
			);
			mainGroup = 294D24D114F922090023B812;
			productRefGroup = 294D24DD14F9220A0023B812 /* Products */;
			projectDirPath = "";
			projectRoot = "";
			targets = (
				294D24DB14F9220A0023B812 /* Calculatrice */,
				294D24FF14F9220A0023B812 /* CalculatriceTests */,
			);
		};
/* End PBXProject section */

/* Begin PBXResourcesBuildPhase section */
		294D24DA14F9220A0023B812 /* Resources */ = {
			isa = PBXResourcesBuildPhase;
			buildActionMask = 2147483647;
			files = (
				294D24EB14F9220A0023B812 /* InfoPlist.strings in Resources */,
				294D24F414F9220A0023B812 /* MainStoryboard_iPhone.storyboard in Resources */,
				294D24F714F9220A0023B812 /* MainStoryboard_iPad.storyboard in Resources */,
				294D251914F9227D0023B812 /* calculatoricon.png in Resources */,
				294D251B14F927850023B812 /* carbon-wallpaper-9.png in Resources */,
				294D251D14F946350023B812 /* Default@2x.png in Resources */,
			);
			runOnlyForDeploymentPostprocessing = 0;
		};
		294D24FD14F9220A0023B812 /* Resources */ = {
			isa = PBXResourcesBuildPhase;
			buildActionMask = 2147483647;
			files = (
				294D250C14F9220A0023B812 /* InfoPlist.strings in Resources */,
			);
			runOnlyForDeploymentPostprocessing = 0;
		};
/* End PBXResourcesBuildPhase section */

/* Begin PBXShellScriptBuildPhase section */
		294D24FE14F9220A0023B812 /* ShellScript */ = {
			isa = PBXShellScriptBuildPhase;
			buildActionMask = 2147483647;
			files = (
			);
			inputPaths = (
			);
			outputPaths = (
			);
			runOnlyForDeploymentPostprocessing = 0;
			shellPath = /bin/sh;
			shellScript = "# Run the unit tests in this test bundle.\n\"${SYSTEM_DEVELOPER_DIR}/Tools/RunUnitTests\"\n";
		};
/* End PBXShellScriptBuildPhase section */

/* Begin PBXSourcesBuildPhase section */
		294D24D814F9220A0023B812 /* Sources */ = {
			isa = PBXSourcesBuildPhase;
			buildActionMask = 2147483647;
			files = (
				294D24ED14F9220A0023B812 /* main.m in Sources */,
				294D24F114F9220A0023B812 /* AppDelegate.m in Sources */,
				294D24FA14F9220A0023B812 /* ViewController.m in Sources */,
			);
			runOnlyForDeploymentPostprocessing = 0;
		};
		294D24FB14F9220A0023B812 /* Sources */ = {
			isa = PBXSourcesBuildPhase;
			buildActionMask = 2147483647;
			files = (
				294D250F14F9220A0023B812 /* CalculatriceTests.m in Sources */,
			);
			runOnlyForDeploymentPostprocessing = 0;
		};
/* End PBXSourcesBuildPhase section */

/* Begin PBXTargetDependency section */
		294D250614F9220A0023B812 /* PBXTargetDependency */ = {
			isa = PBXTargetDependency;
			target = 294D24DB14F9220A0023B812 /* Calculatrice */;
			targetProxy = 294D250514F9220A0023B812 /* PBXContainerItemProxy */;
		};
/* End PBXTargetDependency section */

/* Begin PBXVariantGroup section */
		294D24E914F9220A0023B812 /* InfoPlist.strings */ = {
			isa = PBXVariantGroup;
			children = (
				294D24EA14F9220A0023B812 /* en */,
			);
			name = InfoPlist.strings;
			sourceTree = "<group>";
		};
		294D24F214F9220A0023B812 /* MainStoryboard_iPhone.storyboard */ = {
			isa = PBXVariantGroup;
			children = (
				294D24F314F9220A0023B812 /* en */,
			);
			name = MainStoryboard_iPhone.storyboard;
			sourceTree = "<group>";
		};
		294D24F514F9220A0023B812 /* MainStoryboard_iPad.storyboard */ = {
			isa = PBXVariantGroup;
			children = (
				294D24F614F9220A0023B812 /* en */,
			);
			name = MainStoryboard_iPad.storyboard;
			sourceTree = "<group>";
		};
		294D250A14F9220A0023B812 /* InfoPlist.strings */ = {
			isa = PBXVariantGroup;
			children = (
				294D250B14F9220A0023B812 /* en */,
			);
			name = InfoPlist.strings;
			sourceTree = "<group>";
		};
/* End PBXVariantGroup section */

/* Begin XCBuildConfiguration section */
		294D251014F9220A0023B812 /* Debug */ = {
			isa = XCBuildConfiguration;
			buildSettings = {
				ALWAYS_SEARCH_USER_PATHS = NO;
				ARCHS = "$(ARCHS_STANDARD_32_BIT)";
				CLANG_ENABLE_OBJC_ARC = YES;
				"CODE_SIGN_IDENTITY[sdk=iphoneos*]" = "iPhone Developer";
				COPY_PHASE_STRIP = NO;
				GCC_C_LANGUAGE_STANDARD = gnu99;
				GCC_DYNAMIC_NO_PIC = NO;
				GCC_OPTIMIZATION_LEVEL = 0;
				GCC_PREPROCESSOR_DEFINITIONS = (
					"DEBUG=1",
					"$(inherited)",
				);
				GCC_SYMBOLS_PRIVATE_EXTERN = NO;
				GCC_VERSION = com.apple.compilers.llvm.clang.1_0;
				GCC_WARN_ABOUT_MISSING_PROTOTYPES = YES;
				GCC_WARN_ABOUT_RETURN_TYPE = YES;
				GCC_WARN_UNUSED_VARIABLE = YES;
				IPHONEOS_DEPLOYMENT_TARGET = 5.0;
				SDKROOT = iphoneos;
				TARGETED_DEVICE_FAMILY = "1,2";
			};
			name = Debug;
		};
		294D251114F9220A0023B812 /* Release */ = {
			isa = XCBuildConfiguration;
			buildSettings = {
				ALWAYS_SEARCH_USER_PATHS = NO;
				ARCHS = "$(ARCHS_STANDARD_32_BIT)";
				CLANG_ENABLE_OBJC_ARC = YES;
				"CODE_SIGN_IDENTITY[sdk=iphoneos*]" = "iPhone Developer";
				COPY_PHASE_STRIP = YES;
				GCC_C_LANGUAGE_STANDARD = gnu99;
				GCC_VERSION = com.apple.compilers.llvm.clang.1_0;
				GCC_WARN_ABOUT_MISSING_PROTOTYPES = YES;
				GCC_WARN_ABOUT_RETURN_TYPE = YES;
				GCC_WARN_UNUSED_VARIABLE = YES;
				IPHONEOS_DEPLOYMENT_TARGET = 5.0;
				OTHER_CFLAGS = "-DNS_BLOCK_ASSERTIONS=1";
				SDKROOT = iphoneos;
				TARGETED_DEVICE_FAMILY = "1,2";
				VALIDATE_PRODUCT = YES;
			};
			name = Release;
		};
		294D251314F9220A0023B812 /* Debug */ = {
			isa = XCBuildConfiguration;
			buildSettings = {
				GCC_PRECOMPILE_PREFIX_HEADER = YES;
				GCC_PREFIX_HEADER = "Calculatrice/Calculatrice-Prefix.pch";
				INFOPLIST_FILE = "Calculatrice/Calculatrice-Info.plist";
				PRODUCT_NAME = "$(TARGET_NAME)";
				WRAPPER_EXTENSION = app;
			};
			name = Debug;
		};
		294D251414F9220A0023B812 /* Release */ = {
			isa = XCBuildConfiguration;
			buildSettings = {
				GCC_PRECOMPILE_PREFIX_HEADER = YES;
				GCC_PREFIX_HEADER = "Calculatrice/Calculatrice-Prefix.pch";
				INFOPLIST_FILE = "Calculatrice/Calculatrice-Info.plist";
				PRODUCT_NAME = "$(TARGET_NAME)";
				WRAPPER_EXTENSION = app;
			};
			name = Release;
		};
		294D251614F9220A0023B812 /* Debug */ = {
			isa = XCBuildConfiguration;
			buildSettings = {
				BUNDLE_LOADER = "$(BUILT_PRODUCTS_DIR)/Calculatrice.app/Calculatrice";
				FRAMEWORK_SEARCH_PATHS = (
					"$(SDKROOT)/Developer/Library/Frameworks",
					"$(DEVELOPER_LIBRARY_DIR)/Frameworks",
				);
				GCC_PRECOMPILE_PREFIX_HEADER = YES;
				GCC_PREFIX_HEADER = "Calculatrice/Calculatrice-Prefix.pch";
				INFOPLIST_FILE = "CalculatriceTests/CalculatriceTests-Info.plist";
				PRODUCT_NAME = "$(TARGET_NAME)";
				TEST_HOST = "$(BUNDLE_LOADER)";
				WRAPPER_EXTENSION = octest;
			};
			name = Debug;
		};
		294D251714F9220A0023B812 /* Release */ = {
			isa = XCBuildConfiguration;
			buildSettings = {
				BUNDLE_LOADER = "$(BUILT_PRODUCTS_DIR)/Calculatrice.app/Calculatrice";
				FRAMEWORK_SEARCH_PATHS = (
					"$(SDKROOT)/Developer/Library/Frameworks",
					"$(DEVELOPER_LIBRARY_DIR)/Frameworks",
				);
				GCC_PRECOMPILE_PREFIX_HEADER = YES;
				GCC_PREFIX_HEADER = "Calculatrice/Calculatrice-Prefix.pch";
				INFOPLIST_FILE = "CalculatriceTests/CalculatriceTests-Info.plist";
				PRODUCT_NAME = "$(TARGET_NAME)";
				TEST_HOST = "$(BUNDLE_LOADER)";
				WRAPPER_EXTENSION = octest;
			};
			name = Release;
		};
/* End XCBuildConfiguration section */

/* Begin XCConfigurationList section */
		294D24D614F922090023B812 /* Build configuration list for PBXProject "Calculatrice" */ = {
			isa = XCConfigurationList;
			buildConfigurations = (
				294D251014F9220A0023B812 /* Debug */,
				294D251114F9220A0023B812 /* Release */,
			);
			defaultConfigurationIsVisible = 0;
			defaultConfigurationName = Release;
		};
		294D251214F9220A0023B812 /* Build configuration list for PBXNativeTarget "Calculatrice" */ = {
			isa = XCConfigurationList;
			buildConfigurations = (
				294D251314F9220A0023B812 /* Debug */,
				294D251414F9220A0023B812 /* Release */,
			);
			defaultConfigurationIsVisible = 0;
		};
		294D251514F9220A0023B812 /* Build configuration list for PBXNativeTarget "CalculatriceTests" */ = {
			isa = XCConfigurationList;
			buildConfigurations = (
				294D251614F9220A0023B812 /* Debug */,
				294D251714F9220A0023B812 /* Release */,
			);
			defaultConfigurationIsVisible = 0;
		};
/* End XCConfigurationList section */
	};
	rootObject = 294D24D314F922090023B812 /* Project object */;
}
